
Microsoft Visual Studio Solution File, Format Version 12.00
# Visual Studio Version 17
VisualStudioVersion = 17.2.32526.322
MinimumVisualStudioVersion = 10.0.40219.1
Project("{FAE04EC0-301F-11D3-BF4B-00C04F79EFBC}") = "Cafe2", "Cafe2\Cafe2.csproj", "{62B2FC10-5CFA-4AB0-B567-F86B6392296A}"
EndProject
Global
	GlobalSection(SolutionConfigurationPlatforms) = preSolution
		Debug|Any CPU = Debug|Any CPU
		Release|Any CPU = Release|Any CPU
	EndGlobalSection
	GlobalSection(ProjectConfigurationPlatforms) = postSolution
		{62B2FC10-5CFA-4AB0-B567-F86B6392296A}.Debug|Any CPU.ActiveCfg = Debug|Any CPU
		{62B2FC10-5CFA-4AB0-B567-F86B6392296A}.Debug|Any CPU.Build.0 = Debug|Any CPU
		{62B2FC10-5CFA-4AB0-B567-F86B6392296A}.Release|Any CPU.ActiveCfg = Release|Any CPU
		{62B2FC10-5CFA-4AB0-B567-F86B6392296A}.Release|Any CPU.Build.0 = Release|Any CPU
	EndGlobalSection
	GlobalSection(SolutionProperties) = preSolution
		HideSolutionNode = FALSE
	EndGlobalSection
	GlobalSection(ExtensibilityGlobals) = postSolution
		SolutionGuid = {90407963-2252-47F0-87A9-46251F488416}
	EndGlobalSection
EndGlobal
